<?xml version="1.0" encoding="utf-8"?>
<Project ToolsVersion="4.0" xmlns="http://schemas.microsoft.com/developer/msbuild/2003">
  <ItemGroup>
    <ClInclude Include="$(MSBuildThisFileDirectory)IArea.h">
      <Filter>shapes</Filter>
    </ClInclude>
    <ClInclude Include="$(MSBuildThisFileDirectory)Point.h">
      <Filter>shapes</Filter>
    </ClInclude>
    <ClInclude Include="$(MSBuildThisFileDirectory)Rectangle.h">
      <Filter>shapes</Filter>
    </ClInclude>
    <ClInclude Include="$(MSBuildThisFileDirectory)IWindowProvider.h">
      <Filter>ui</Filter>
    </ClInclude>
    <ClInclude Include="$(MSBuildThisFileDirectory)ScreenSpaceConfigs.h">
      <Filter>ui</Filter>
    </ClInclude>
    <ClInclude Include="$(MSBuildThisFileDirectory)IUIElement.h">
      <Filter>ui</Filter>
    </ClInclude>
    <ClInclude Include="$(MSBuildThisFileDirectory)Size.h">
      <Filter>shapes</Filter>
    </ClInclude>
  </ItemGroup>
  <ItemGroup>
    <ClCompile Include="$(MSBuildThisFileDirectory)mathhelper.cpp" />
    <ClCompile Include="$(MSBuildThisFileDirectory)Point.cpp">
      <Filter>shapes</Filter>
    </ClCompile>
    <ClCompile Include="$(MSBuildThisFileDirectory)Rectangle.cpp">
      <Filter>shapes</Filter>
    </ClCompile>
    <ClCompile Include="$(MSBuildThisFileDirectory)ScreenSpaceConfigs.cpp">
      <Filter>ui</Filter>
    </ClCompile>
    <ClCompile Include="$(MSBuildThisFileDirectory)Size.cpp">
      <Filter>shapes</Filter>
    </ClCompile>
  </ItemGroup>
  <ItemGroup>
    <Filter Include="shapes">
      <UniqueIdentifier>{de2c095c-de5d-49e4-8fec-0ab83680d6de}</UniqueIdentifier>
    </Filter>
    <Filter Include="ui">
      <UniqueIdentifier>{103c81c9-5b61-4210-83e4-fd49b3a5e262}</UniqueIdentifier>
    </Filter>
  </ItemGroup>
</Project>