<?xml version="1.0" encoding="utf-8"?>
<Project ToolsVersion="4.0" xmlns="http://schemas.microsoft.com/developer/msbuild/2003">
  <ItemGroup>
    <Filter Include="external">
      <UniqueIdentifier>{ebaad641-d28e-4bda-9f6d-479afe9d1489}</UniqueIdentifier>
    </Filter>
    <Filter Include="external\fpm">
      <UniqueIdentifier>{0b026012-25f8-49c5-a518-e665294e1012}</UniqueIdentifier>
    </Filter>
    <Filter Include="basic">
      <UniqueIdentifier>{97c8f284-2740-4d60-9ae1-c6fea997d969}</UniqueIdentifier>
    </Filter>
    <Filter Include="Objects">
      <UniqueIdentifier>{037e1c0b-d3f5-4927-ac6a-f730f7ec5729}</UniqueIdentifier>
    </Filter>
  </ItemGroup>
  <ItemGroup>
    <ClInclude Include="fpm\fixed.hpp">
      <Filter>external\fpm</Filter>
    </ClInclude>
    <ClInclude Include="fpm\ios.hpp">
      <Filter>external\fpm</Filter>
    </ClInclude>
    <ClInclude Include="fpm\math.hpp">
      <Filter>external\fpm</Filter>
    </ClInclude>
    <ClInclude Include="basic.h">
      <Filter>basic</Filter>
    </ClInclude>
    <ClInclude Include="geo.h">
      <Filter>basic</Filter>
    </ClInclude>
    <ClInclude Include="uuid.h">
      <Filter>basic</Filter>
    </ClInclude>
    <ClInclude Include="pch.h">
      <Filter>basic</Filter>
    </ClInclude>
    <ClInclude Include="screen.h">
      <Filter>basic</Filter>
    </ClInclude>
    <ClInclude Include="IWindowProvider.h">
      <Filter>Objects</Filter>
    </ClInclude>
    <ClInclude Include="UIElement.h">
      <Filter>Objects</Filter>
    </ClInclude>
    <ClInclude Include="UUIDObject.h">
      <Filter>Objects</Filter>
    </ClInclude>
    <ClInclude Include="logger.h">
      <Filter>basic</Filter>
    </ClInclude>
  </ItemGroup>
  <ItemGroup>
    <ClCompile Include="geo.cpp">
      <Filter>basic</Filter>
    </ClCompile>
    <ClCompile Include="uuid.cpp">
      <Filter>basic</Filter>
    </ClCompile>
    <ClCompile Include="mathhelper.cpp">
      <Filter>basic</Filter>
    </ClCompile>
    <ClCompile Include="pch.cpp">
      <Filter>basic</Filter>
    </ClCompile>
    <ClCompile Include="screen.cpp">
      <Filter>basic</Filter>
    </ClCompile>
    <ClCompile Include="UUIDObject.cpp">
      <Filter>Objects</Filter>
    </ClCompile>
    <ClCompile Include="logger.cpp">
      <Filter>basic</Filter>
    </ClCompile>
  </ItemGroup>
</Project>